// !$*UTF8*$!
{
	archiveVersion = 1;
	classes = {
	};
	objectVersion = 77;
	objects = {

/* Begin PBXBuildFile section */
		F37AF6DD2DB80940007B1494 /* Clerk in Frameworks */ = {isa = PBXBuildFile; productRef = F37AF6DC2DB80940007B1494 /* Clerk */; };
/* End PBXBuildFile section */

/* Begin PBXContainerItemProxy section */
		F3DB01302DB6DE7300AB909F /* PBXContainerItemProxy */ = {
			isa = PBXContainerItemProxy;
			containerPortal = F3DB011A2DB6DE7100AB909F /* Project object */;
			proxyType = 1;
			remoteGlobalIDString = F3DB01212DB6DE7100AB909F;
			remoteInfo = "ServiceHoursTracker-iOS";
		};
		F3DB013A2DB6DE7300AB909F /* PBXContainerItemProxy */ = {
			isa = PBXContainerItemProxy;
			containerPortal = F3DB011A2DB6DE7100AB909F /* Project object */;
			proxyType = 1;
			remoteGlobalIDString = F3DB01212DB6DE7100AB909F;
			remoteInfo = "ServiceHoursTracker-iOS";
		};
/* End PBXContainerItemProxy section */

/* Begin PBXFileReference section */
		F3DB01222DB6DE7100AB909F /* ServiceHoursTracker-iOS.app */ = {isa = PBXFileReference; explicitFileType = wrapper.application; includeInIndex = 0; path = "ServiceHoursTracker-iOS.app"; sourceTree = BUILT_PRODUCTS_DIR; };
		F3DB012F2DB6DE7300AB909F /* ServiceHoursTracker-iOSTests.xctest */ = {isa = PBXFileReference; explicitFileType = wrapper.cfbundle; includeInIndex = 0; path = "ServiceHoursTracker-iOSTests.xctest"; sourceTree = BUILT_PRODUCTS_DIR; };
		F3DB01392DB6DE7300AB909F /* ServiceHoursTracker-iOSUITests.xctest */ = {isa = PBXFileReference; explicitFileType = wrapper.cfbundle; includeInIndex = 0; path = "ServiceHoursTracker-iOSUITests.xctest"; sourceTree = BUILT_PRODUCTS_DIR; };
/* End PBXFileReference section */

/* Begin PBXFileSystemSynchronizedBuildFileExceptionSet section */
		F3DA05DB2E1A0FFC0099FEF4 /* Exceptions for "ServiceHoursTracker-iOS" folder in "ServiceHoursTracker-iOS" target */ = {
			isa = PBXFileSystemSynchronizedBuildFileExceptionSet;
			membershipExceptions = (
				Info.plist,
			);
			target = F3DB01212DB6DE7100AB909F /* ServiceHoursTracker-iOS */;
		};
/* End PBXFileSystemSynchronizedBuildFileExceptionSet section */

/* Begin PBXFileSystemSynchronizedRootGroup section */
		F3DB01242DB6DE7100AB909F /* ServiceHoursTracker-iOS */ = {
			isa = PBXFileSystemSynchronizedRootGroup;
			exceptions = (
				F3DA05DB2E1A0FFC0099FEF4 /* Exceptions for "ServiceHoursTracker-iOS" folder in "ServiceHoursTracker-iOS" target */,
			);
			path = "ServiceHoursTracker-iOS";
			sourceTree = "<group>";
		};
		F3DB01322DB6DE7300AB909F /* ServiceHoursTracker-iOSTests */ = {
			isa = PBXFileSystemSynchronizedRootGroup;
			path = "ServiceHoursTracker-iOSTests";
			sourceTree = "<group>";
		};
		F3DB013C2DB6DE7300AB909F /* ServiceHoursTracker-iOSUITests */ = {
			isa = PBXFileSystemSynchronizedRootGroup;
			path = "ServiceHoursTracker-iOSUITests";
			sourceTree = "<group>";
		};
/* End PBXFileSystemSynchronizedRootGroup section */

/* Begin PBXFrameworksBuildPhase section */
		F3DB011F2DB6DE7100AB909F /* Frameworks */ = {
			isa = PBXFrameworksBuildPhase;
			buildActionMask = 2147483647;
			files = (
				F37AF6DD2DB80940007B1494 /* Clerk in Frameworks */,
			);
			runOnlyForDeploymentPostprocessing = 0;
		};
		F3DB012C2DB6DE7300AB909F /* Frameworks */ = {
			isa = PBXFrameworksBuildPhase;
			buildActionMask = 2147483647;
			files = (
			);
			runOnlyForDeploymentPostprocessing = 0;
		};
		F3DB01362DB6DE7300AB909F /* Frameworks */ = {
			isa = PBXFrameworksBuildPhase;
			buildActionMask = 2147483647;
			files = (
			);
			runOnlyForDeploymentPostprocessing = 0;
		};
/* End PBXFrameworksBuildPhase section */

/* Begin PBXGroup section */
		F3DB01192DB6DE7100AB909F = {
			isa = PBXGroup;
			children = (
				F3DB01242DB6DE7100AB909F /* ServiceHoursTracker-iOS */,
				F3DB01322DB6DE7300AB909F /* ServiceHoursTracker-iOSTests */,
				F3DB013C2DB6DE7300AB909F /* ServiceHoursTracker-iOSUITests */,
				F3DB01232DB6DE7100AB909F /* Products */,
			);
			sourceTree = "<group>";
		};
		F3DB01232DB6DE7100AB909F /* Products */ = {
			isa = PBXGroup;
			children = (
				F3DB01222DB6DE7100AB909F /* ServiceHoursTracker-iOS.app */,
				F3DB012F2DB6DE7300AB909F /* ServiceHoursTracker-iOSTests.xctest */,
				F3DB01392DB6DE7300AB909F /* ServiceHoursTracker-iOSUITests.xctest */,
			);
			name = Products;
			sourceTree = "<group>";
		};
/* End PBXGroup section */

/* Begin PBXNativeTarget section */
		F3DB01212DB6DE7100AB909F /* ServiceHoursTracker-iOS */ = {
			isa = PBXNativeTarget;
			buildConfigurationList = F3DB01432DB6DE7300AB909F /* Build configuration list for PBXNativeTarget "ServiceHoursTracker-iOS" */;
			buildPhases = (
				F3DB011E2DB6DE7100AB909F /* Sources */,
				F3DB011F2DB6DE7100AB909F /* Frameworks */,
				F3DB01202DB6DE7100AB909F /* Resources */,
			);
			buildRules = (
			);
			dependencies = (
			);
			fileSystemSynchronizedGroups = (
				F3DB01242DB6DE7100AB909F /* ServiceHoursTracker-iOS */,
			);
			name = "ServiceHoursTracker-iOS";
			packageProductDependencies = (
				F37AF6DC2DB80940007B1494 /* Clerk */,
			);
			productName = "ServiceHoursTracker-iOS";
			productReference = F3DB01222DB6DE7100AB909F /* ServiceHoursTracker-iOS.app */;
			productType = "com.apple.product-type.application";
		};
		F3DB012E2DB6DE7300AB909F /* ServiceHoursTracker-iOSTests */ = {
			isa = PBXNativeTarget;
			buildConfigurationList = F3DB01462DB6DE7300AB909F /* Build configuration list for PBXNativeTarget "ServiceHoursTracker-iOSTests" */;
			buildPhases = (
				F3DB012B2DB6DE7300AB909F /* Sources */,
				F3DB012C2DB6DE7300AB909F /* Frameworks */,
				F3DB012D2DB6DE7300AB909F /* Resources */,
			);
			buildRules = (
			);
			dependencies = (
				F3DB01312DB6DE7300AB909F /* PBXTargetDependency */,
			);
			fileSystemSynchronizedGroups = (
				F3DB01322DB6DE7300AB909F /* ServiceHoursTracker-iOSTests */,
			);
			name = "ServiceHoursTracker-iOSTests";
			packageProductDependencies = (
			);
			productName = "ServiceHoursTracker-iOSTests";
			productReference = F3DB012F2DB6DE7300AB909F /* ServiceHoursTracker-iOSTests.xctest */;
			productType = "com.apple.product-type.bundle.unit-test";
		};
		F3DB01382DB6DE7300AB909F /* ServiceHoursTracker-iOSUITests */ = {
			isa = PBXNativeTarget;
			buildConfigurationList = F3DB01492DB6DE7300AB909F /* Build configuration list for PBXNativeTarget "ServiceHoursTracker-iOSUITests" */;
			buildPhases = (
				F3DB01352DB6DE7300AB909F /* Sources */,
				F3DB01362DB6DE7300AB909F /* Frameworks */,
				F3DB01372DB6DE7300AB909F /* Resources */,
			);
			buildRules = (
			);
			dependencies = (
				F3DB013B2DB6DE7300AB909F /* PBXTargetDependency */,
			);
			fileSystemSynchronizedGroups = (
				F3DB013C2DB6DE7300AB909F /* ServiceHoursTracker-iOSUITests */,
			);
			name = "ServiceHoursTracker-iOSUITests";
			packageProductDependencies = (
			);
			productName = "ServiceHoursTracker-iOSUITests";
			productReference = F3DB01392DB6DE7300AB909F /* ServiceHoursTracker-iOSUITests.xctest */;
			productType = "com.apple.product-type.bundle.ui-testing";
		};
/* End PBXNativeTarget section */

/* Begin PBXProject section */
		F3DB011A2DB6DE7100AB909F /* Project object */ = {
			isa = PBXProject;
			attributes = {
				BuildIndependentTargetsInParallel = 1;
				LastSwiftUpdateCheck = 1630;
				LastUpgradeCheck = 1630;
				TargetAttributes = {
					F3DB01212DB6DE7100AB909F = {
						CreatedOnToolsVersion = 16.3;
					};
					F3DB012E2DB6DE7300AB909F = {
						CreatedOnToolsVersion = 16.3;
						TestTargetID = F3DB01212DB6DE7100AB909F;
					};
					F3DB01382DB6DE7300AB909F = {
						CreatedOnToolsVersion = 16.3;
						TestTargetID = F3DB01212DB6DE7100AB909F;
					};
				};
			};
			buildConfigurationList = F3DB011D2DB6DE7100AB909F /* Build configuration list for PBXProject "ServiceHoursTracker-iOS" */;
			developmentRegion = en;
			hasScannedForEncodings = 0;
			knownRegions = (
				en,
				Base,
			);
			mainGroup = F3DB01192DB6DE7100AB909F;
			minimizedProjectReferenceProxies = 1;
			packageReferences = (
				F37AF6DB2DB8093F007B1494 /* XCRemoteSwiftPackageReference "clerk-ios" */,
			);
			preferredProjectObjectVersion = 77;
			productRefGroup = F3DB01232DB6DE7100AB909F /* Products */;
			projectDirPath = "";
			projectRoot = "";
			targets = (
				F3DB01212DB6DE7100AB909F /* ServiceHoursTracker-iOS */,
				F3DB012E2DB6DE7300AB909F /* ServiceHoursTracker-iOSTests */,
				F3DB01382DB6DE7300AB909F /* ServiceHoursTracker-iOSUITests */,
			);
		};
/* End PBXProject section */

/* Begin PBXResourcesBuildPhase section */
		F3DB01202DB6DE7100AB909F /* Resources */ = {
			isa = PBXResourcesBuildPhase;
			buildActionMask = 2147483647;
			files = (
			);
			runOnlyForDeploymentPostprocessing = 0;
		};
		F3DB012D2DB6DE7300AB909F /* Resources */ = {
			isa = PBXResourcesBuildPhase;
			buildActionMask = 2147483647;
			files = (
			);
			runOnlyForDeploymentPostprocessing = 0;
		};
		F3DB01372DB6DE7300AB909F /* Resources */ = {
			isa = PBXResourcesBuildPhase;
			buildActionMask = 2147483647;
			files = (
			);
			runOnlyForDeploymentPostprocessing = 0;
		};
/* End PBXResourcesBuildPhase section */

/* Begin PBXSourcesBuildPhase section */
		F3DB011E2DB6DE7100AB909F /* Sources */ = {
			isa = PBXSourcesBuildPhase;
			buildActionMask = 2147483647;
			files = (
			);
			runOnlyForDeploymentPostprocessing = 0;
		};
		F3DB012B2DB6DE7300AB909F /* Sources */ = {
			isa = PBXSourcesBuildPhase;
			buildActionMask = 2147483647;
			files = (
			);
			runOnlyForDeploymentPostprocessing = 0;
		};
		F3DB01352DB6DE7300AB909F /* Sources */ = {
			isa = PBXSourcesBuildPhase;
			buildActionMask = 2147483647;
			files = (
			);
			runOnlyForDeploymentPostprocessing = 0;
		};
/* End PBXSourcesBuildPhase section */

/* Begin PBXTargetDependency section */
		F3DB01312DB6DE7300AB909F /* PBXTargetDependency */ = {
			isa = PBXTargetDependency;
			target = F3DB01212DB6DE7100AB909F /* ServiceHoursTracker-iOS */;
			targetProxy = F3DB01302DB6DE7300AB909F /* PBXContainerItemProxy */;
		};
		F3DB013B2DB6DE7300AB909F /* PBXTargetDependency */ = {
			isa = PBXTargetDependency;
			target = F3DB01212DB6DE7100AB909F /* ServiceHoursTracker-iOS */;
			targetProxy = F3DB013A2DB6DE7300AB909F /* PBXContainerItemProxy */;
		};
/* End PBXTargetDependency section */

/* Begin XCBuildConfiguration section */
		F3DB01412DB6DE7300AB909F /* Debug */ = {
			isa = XCBuildConfiguration;
			buildSettings = {
				ALWAYS_SEARCH_USER_PATHS = NO;
				ASSETCATALOG_COMPILER_GENERATE_SWIFT_ASSET_SYMBOL_EXTENSIONS = YES;
				CLANG_ANALYZER_NONNULL = YES;
				CLANG_ANALYZER_NUMBER_OBJECT_CONVERSION = YES_AGGRESSIVE;
				CLANG_CXX_LANGUAGE_STANDARD = "gnu++20";
				CLANG_ENABLE_MODULES = YES;
				CLANG_ENABLE_OBJC_ARC = YES;
				CLANG_ENABLE_OBJC_WEAK = YES;
				CLANG_WARN_BLOCK_CAPTURE_AUTORELEASING = YES;
				CLANG_WARN_BOOL_CONVERSION = YES;
				CLANG_WARN_COMMA = YES;
				CLANG_WARN_CONSTANT_CONVERSION = YES;
				CLANG_WARN_DEPRECATED_OBJC_IMPLEMENTATIONS = YES;
				CLANG_WARN_DIRECT_OBJC_ISA_USAGE = YES_ERROR;
				CLANG_WARN_DOCUMENTATION_COMMENTS = YES;
				CLANG_WARN_EMPTY_BODY = YES;
				CLANG_WARN_ENUM_CONVERSION = YES;
				CLANG_WARN_INFINITE_RECURSION = YES;
				CLANG_WARN_INT_CONVERSION = YES;
				CLANG_WARN_NON_LITERAL_NULL_CONVERSION = YES;
				CLANG_WARN_OBJC_IMPLICIT_RETAIN_SELF = YES;
				CLANG_WARN_OBJC_LITERAL_CONVERSION = YES;
				CLANG_WARN_OBJC_ROOT_CLASS = YES_ERROR;
				CLANG_WARN_QUOTED_INCLUDE_IN_FRAMEWORK_HEADER = YES;
				CLANG_WARN_RANGE_LOOP_ANALYSIS = YES;
				CLANG_WARN_STRICT_PROTOTYPES = YES;
				CLANG_WARN_SUSPICIOUS_MOVE = YES;
				CLANG_WARN_UNGUARDED_AVAILABILITY = YES_AGGRESSIVE;
				CLANG_WARN_UNREACHABLE_CODE = YES;
				CLANG_WARN__DUPLICATE_METHOD_MATCH = YES;
				COPY_PHASE_STRIP = NO;
				DEBUG_INFORMATION_FORMAT = dwarf;
				DEVELOPMENT_TEAM = TPSDBQUPSC;
				ENABLE_STRICT_OBJC_MSGSEND = YES;
				ENABLE_TESTABILITY = YES;
				ENABLE_USER_SCRIPT_SANDBOXING = YES;
				GCC_C_LANGUAGE_STANDARD = gnu17;
				GCC_DYNAMIC_NO_PIC = NO;
				GCC_NO_COMMON_BLOCKS = YES;
				GCC_OPTIMIZATION_LEVEL = 0;
				GCC_PREPROCESSOR_DEFINITIONS = (
					"DEBUG=1",
					"$(inherited)",
				);
				GCC_WARN_64_TO_32_BIT_CONVERSION = YES;
				GCC_WARN_ABOUT_RETURN_TYPE = YES_ERROR;
				GCC_WARN_UNDECLARED_SELECTOR = YES;
				GCC_WARN_UNINITIALIZED_AUTOS = YES_AGGRESSIVE;
				GCC_WARN_UNUSED_FUNCTION = YES;
				GCC_WARN_UNUSED_VARIABLE = YES;
				IPHONEOS_DEPLOYMENT_TARGET = 18.4;
				LOCALIZATION_PREFERS_STRING_CATALOGS = YES;
				MTL_ENABLE_DEBUG_INFO = INCLUDE_SOURCE;
				MTL_FAST_MATH = YES;
				ONLY_ACTIVE_ARCH = YES;
				SDKROOT = iphoneos;
				SWIFT_ACTIVE_COMPILATION_CONDITIONS = "DEBUG $(inherited)";
				SWIFT_OPTIMIZATION_LEVEL = "-Onone";
			};
			name = Debug;
		};
		F3DB01422DB6DE7300AB909F /* Release */ = {
			isa = XCBuildConfiguration;
			buildSettings = {
				ALWAYS_SEARCH_USER_PATHS = NO;
				ASSETCATALOG_COMPILER_GENERATE_SWIFT_ASSET_SYMBOL_EXTENSIONS = YES;
				CLANG_ANALYZER_NONNULL = YES;
				CLANG_ANALYZER_NUMBER_OBJECT_CONVERSION = YES_AGGRESSIVE;
				CLANG_CXX_LANGUAGE_STANDARD = "gnu++20";
				CLANG_ENABLE_MODULES = YES;
				CLANG_ENABLE_OBJC_ARC = YES;
				CLANG_ENABLE_OBJC_WEAK = YES;
				CLANG_WARN_BLOCK_CAPTURE_AUTORELEASING = YES;
				CLANG_WARN_BOOL_CONVERSION = YES;
				CLANG_WARN_COMMA = YES;
				CLANG_WARN_CONSTANT_CONVERSION = YES;
				CLANG_WARN_DEPRECATED_OBJC_IMPLEMENTATIONS = YES;
				CLANG_WARN_DIRECT_OBJC_ISA_USAGE = YES_ERROR;
				CLANG_WARN_DOCUMENTATION_COMMENTS = YES;
				CLANG_WARN_EMPTY_BODY = YES;
				CLANG_WARN_ENUM_CONVERSION = YES;
				CLANG_WARN_INFINITE_RECURSION = YES;
				CLANG_WARN_INT_CONVERSION = YES;
				CLANG_WARN_NON_LITERAL_NULL_CONVERSION = YES;
				CLANG_WARN_OBJC_IMPLICIT_RETAIN_SELF = YES;
				CLANG_WARN_OBJC_LITERAL_CONVERSION = YES;
				CLANG_WARN_OBJC_ROOT_CLASS = YES_ERROR;
				CLANG_WARN_QUOTED_INCLUDE_IN_FRAMEWORK_HEADER = YES;
				CLANG_WARN_RANGE_LOOP_ANALYSIS = YES;
				CLANG_WARN_STRICT_PROTOTYPES = YES;
				CLANG_WARN_SUSPICIOUS_MOVE = YES;
				CLANG_WARN_UNGUARDED_AVAILABILITY = YES_AGGRESSIVE;
				CLANG_WARN_UNREACHABLE_CODE = YES;
				CLANG_WARN__DUPLICATE_METHOD_MATCH = YES;
				COPY_PHASE_STRIP = NO;
				DEBUG_INFORMATION_FORMAT = "dwarf-with-dsym";
				DEVELOPMENT_TEAM = TPSDBQUPSC;
				ENABLE_NS_ASSERTIONS = NO;
				ENABLE_STRICT_OBJC_MSGSEND = YES;
				ENABLE_USER_SCRIPT_SANDBOXING = YES;
				GCC_C_LANGUAGE_STANDARD = gnu17;
				GCC_NO_COMMON_BLOCKS = YES;
				GCC_WARN_64_TO_32_BIT_CONVERSION = YES;
				GCC_WARN_ABOUT_RETURN_TYPE = YES_ERROR;
				GCC_WARN_UNDECLARED_SELECTOR = YES;
				GCC_WARN_UNINITIALIZED_AUTOS = YES_AGGRESSIVE;
				GCC_WARN_UNUSED_FUNCTION = YES;
				GCC_WARN_UNUSED_VARIABLE = YES;
				IPHONEOS_DEPLOYMENT_TARGET = 18.4;
				LOCALIZATION_PREFERS_STRING_CATALOGS = YES;
				MTL_ENABLE_DEBUG_INFO = NO;
				MTL_FAST_MATH = YES;
				SDKROOT = iphoneos;
				SWIFT_COMPILATION_MODE = wholemodule;
				VALIDATE_PRODUCT = YES;
			};
			name = Release;
		};
		F3DB01442DB6DE7300AB909F /* Debug */ = {
			isa = XCBuildConfiguration;
			buildSettings = {
				ASSETCATALOG_COMPILER_APPICON_NAME = AppIcon;
				ASSETCATALOG_COMPILER_GLOBAL_ACCENT_COLOR_NAME = AccentColor;
				CODE_SIGN_STYLE = Automatic;
				CURRENT_PROJECT_VERSION = 3;
				DEVELOPMENT_TEAM = TPSDBQUPSC;
				ENABLE_PREVIEWS = YES;
				GENERATE_INFOPLIST_FILE = YES;
				INFOPLIST_FILE = "ServiceHoursTracker-iOS/Info.plist";
				INFOPLIST_KEY_UIApplicationSceneManifest_Generation = YES;
				INFOPLIST_KEY_UIApplicationSupportsIndirectInputEvents = YES;
				INFOPLIST_KEY_UILaunchScreen_Generation = YES;
				INFOPLIST_KEY_UISupportedInterfaceOrientations_iPad = "UIInterfaceOrientationPortrait UIInterfaceOrientationPortraitUpsideDown UIInterfaceOrientationLandscapeLeft UIInterfaceOrientationLandscapeRight";
				INFOPLIST_KEY_UISupportedInterfaceOrientations_iPhone = "UIInterfaceOrientationPortrait UIInterfaceOrientationLandscapeLeft UIInterfaceOrientationLandscapeRight";
				IPHONEOS_DEPLOYMENT_TARGET = 17.0;
				LD_RUNPATH_SEARCH_PATHS = (
					"$(inherited)",
					"@executable_path/Frameworks",
				);
				MARKETING_VERSION = 1.0;
				NEW_SETTING = "";
				PRODUCT_BUNDLE_IDENTIFIER = "com.anshulruhil.iExpense.ServiceHoursTracker-iOS";
				PRODUCT_NAME = "$(TARGET_NAME)";
				SWIFT_EMIT_LOC_STRINGS = YES;
				SWIFT_VERSION = 5.0;
				TARGETED_DEVICE_FAMILY = "1,2";
			};
			name = Debug;
		};
		F3DB01452DB6DE7300AB909F /* Release */ = {
			isa = XCBuildConfiguration;
			buildSettings = {
				ASSETCATALOG_COMPILER_APPICON_NAME = AppIcon;
				ASSETCATALOG_COMPILER_GLOBAL_ACCENT_COLOR_NAME = AccentColor;
				CODE_SIGN_STYLE = Automatic;
				CURRENT_PROJECT_VERSION = 3;
				DEVELOPMENT_TEAM = TPSDBQUPSC;
				ENABLE_PREVIEWS = YES;
				GENERATE_INFOPLIST_FILE = YES;
				INFOPLIST_FILE = "ServiceHoursTracker-iOS/Info.plist";
				INFOPLIST_KEY_UIApplicationSceneManifest_Generation = YES;
				INFOPLIST_KEY_UIApplicationSupportsIndirectInputEvents = YES;
				INFOPLIST_KEY_UILaunchScreen_Generation = YES;
				INFOPLIST_KEY_UISupportedInterfaceOrientations_iPad = "UIInterfaceOrientationPortrait UIInterfaceOrientationPortraitUpsideDown UIInterfaceOrientationLandscapeLeft UIInterfaceOrientationLandscapeRight";
				INFOPLIST_KEY_UISupportedInterfaceOrientations_iPhone = "UIInterfaceOrientationPortrait UIInterfaceOrientationLandscapeLeft UIInterfaceOrientationLandscapeRight";
				IPHONEOS_DEPLOYMENT_TARGET = 17.0;
				LD_RUNPATH_SEARCH_PATHS = (
					"$(inherited)",
					"@executable_path/Frameworks",
				);
				MARKETING_VERSION = 1.0;
				NEW_SETTING = "";
				PRODUCT_BUNDLE_IDENTIFIER = "com.anshulruhil.iExpense.ServiceHoursTracker-iOS";
				PRODUCT_NAME = "$(TARGET_NAME)";
				SWIFT_EMIT_LOC_STRINGS = YES;
				SWIFT_VERSION = 5.0;
				TARGETED_DEVICE_FAMILY = "1,2";
			};
			name = Release;
		};
		F3DB01472DB6DE7300AB909F /* Debug */ = {
			isa = XCBuildConfiguration;
			buildSettings = {
				BUNDLE_LOADER = "$(TEST_HOST)";
				CODE_SIGN_STYLE = Automatic;
				CURRENT_PROJECT_VERSION = 1;
				DEVELOPMENT_TEAM = TPSDBQUPSC;
				GENERATE_INFOPLIST_FILE = YES;
				IPHONEOS_DEPLOYMENT_TARGET = 18.4;
				MARKETING_VERSION = 1.0;
				PRODUCT_BUNDLE_IDENTIFIER = "com.anshulruhil.iExpense.ServiceHoursTracker-iOSTests";
				PRODUCT_NAME = "$(TARGET_NAME)";
				SWIFT_EMIT_LOC_STRINGS = NO;
				SWIFT_VERSION = 5.0;
				TARGETED_DEVICE_FAMILY = "1,2";
				TEST_HOST = "$(BUILT_PRODUCTS_DIR)/ServiceHoursTracker-iOS.app/$(BUNDLE_EXECUTABLE_FOLDER_PATH)/ServiceHoursTracker-iOS";
			};
			name = Debug;
		};
		F3DB01482DB6DE7300AB909F /* Release */ = {
			isa = XCBuildConfiguration;
			buildSettings = {
				BUNDLE_LOADER = "$(TEST_HOST)";
				CODE_SIGN_STYLE = Automatic;
				CURRENT_PROJECT_VERSION = 1;
				DEVELOPMENT_TEAM = TPSDBQUPSC;
				GENERATE_INFOPLIST_FILE = YES;
				IPHONEOS_DEPLOYMENT_TARGET = 18.4;
				MARKETING_VERSION = 1.0;
				PRODUCT_BUNDLE_IDENTIFIER = "com.anshulruhil.iExpense.ServiceHoursTracker-iOSTests";
				PRODUCT_NAME = "$(TARGET_NAME)";
				SWIFT_EMIT_LOC_STRINGS = NO;
				SWIFT_VERSION = 5.0;
				TARGETED_DEVICE_FAMILY = "1,2";
				TEST_HOST = "$(BUILT_PRODUCTS_DIR)/ServiceHoursTracker-iOS.app/$(BUNDLE_EXECUTABLE_FOLDER_PATH)/ServiceHoursTracker-iOS";
			};
			name = Release;
		};
		F3DB014A2DB6DE7300AB909F /* Debug */ = {
			isa = XCBuildConfiguration;
			buildSettings = {
				CODE_SIGN_STYLE = Automatic;
				CURRENT_PROJECT_VERSION = 1;
				DEVELOPMENT_TEAM = TPSDBQUPSC;
				GENERATE_INFOPLIST_FILE = YES;
				MARKETING_VERSION = 1.0;
				PRODUCT_BUNDLE_IDENTIFIER = "com.anshulruhil.iExpense.ServiceHoursTracker-iOSUITests";
				PRODUCT_NAME = "$(TARGET_NAME)";
				SWIFT_EMIT_LOC_STRINGS = NO;
				SWIFT_VERSION = 5.0;
				TARGETED_DEVICE_FAMILY = "1,2";
				TEST_TARGET_NAME = "ServiceHoursTracker-iOS";
			};
			name = Debug;
		};
		F3DB014B2DB6DE7300AB909F /* Release */ = {
			isa = XCBuildConfiguration;
			buildSettings = {
				CODE_SIGN_STYLE = Automatic;
				CURRENT_PROJECT_VERSION = 1;
				DEVELOPMENT_TEAM = TPSDBQUPSC;
				GENERATE_INFOPLIST_FILE = YES;
				MARKETING_VERSION = 1.0;
				PRODUCT_BUNDLE_IDENTIFIER = "com.anshulruhil.iExpense.ServiceHoursTracker-iOSUITests";
				PRODUCT_NAME = "$(TARGET_NAME)";
				SWIFT_EMIT_LOC_STRINGS = NO;
				SWIFT_VERSION = 5.0;
				TARGETED_DEVICE_FAMILY = "1,2";
				TEST_TARGET_NAME = "ServiceHoursTracker-iOS";
			};
			name = Release;
		};
/* End XCBuildConfiguration section */

/* Begin XCConfigurationList section */
		F3DB011D2DB6DE7100AB909F /* Build configuration list for PBXProject "ServiceHoursTracker-iOS" */ = {
			isa = XCConfigurationList;
			buildConfigurations = (
				F3DB01412DB6DE7300AB909F /* Debug */,
				F3DB01422DB6DE7300AB909F /* Release */,
			);
			defaultConfigurationIsVisible = 0;
			defaultConfigurationName = Release;
		};
		F3DB01432DB6DE7300AB909F /* Build configuration list for PBXNativeTarget "ServiceHoursTracker-iOS" */ = {
			isa = XCConfigurationList;
			buildConfigurations = (
				F3DB01442DB6DE7300AB909F /* Debug */,
				F3DB01452DB6DE7300AB909F /* Release */,
			);
			defaultConfigurationIsVisible = 0;
			defaultConfigurationName = Release;
		};
		F3DB01462DB6DE7300AB909F /* Build configuration list for PBXNativeTarget "ServiceHoursTracker-iOSTests" */ = {
			isa = XCConfigurationList;
			buildConfigurations = (
				F3DB01472DB6DE7300AB909F /* Debug */,
				F3DB01482DB6DE7300AB909F /* Release */,
			);
			defaultConfigurationIsVisible = 0;
			defaultConfigurationName = Release;
		};
		F3DB01492DB6DE7300AB909F /* Build configuration list for PBXNativeTarget "ServiceHoursTracker-iOSUITests" */ = {
			isa = XCConfigurationList;
			buildConfigurations = (
				F3DB014A2DB6DE7300AB909F /* Debug */,
				F3DB014B2DB6DE7300AB909F /* Release */,
			);
			defaultConfigurationIsVisible = 0;
			defaultConfigurationName = Release;
		};
/* End XCConfigurationList section */

/* Begin XCRemoteSwiftPackageReference section */
		F37AF6DB2DB8093F007B1494 /* XCRemoteSwiftPackageReference "clerk-ios" */ = {
			isa = XCRemoteSwiftPackageReference;
			repositoryURL = "https://github.com/clerk/clerk-ios";
			requirement = {
				kind = upToNextMajorVersion;
				minimumVersion = 0.55.0;
			};
		};
/* End XCRemoteSwiftPackageReference section */

/* Begin XCSwiftPackageProductDependency section */
		F37AF6DC2DB80940007B1494 /* Clerk */ = {
			isa = XCSwiftPackageProductDependency;
			package = F37AF6DB2DB8093F007B1494 /* XCRemoteSwiftPackageReference "clerk-ios" */;
			productName = Clerk;
		};
/* End XCSwiftPackageProductDependency section */
	};
	rootObject = F3DB011A2DB6DE7100AB909F /* Project object */;
}
